
Microsoft Visual Studio Solution File, Format Version 12.00
# Visual Studio Version 17
VisualStudioVersion = 17.7.34003.232
MinimumVisualStudioVersion = 10.0.40219.1
Project("{FAE04EC0-301F-11D3-BF4B-00C04F79EFBC}") = "App", "App\App.csproj", "{96733F6D-6D48-4AA9-9E52-61D1023BBF54}"
EndProject
Global
	GlobalSection(SolutionConfigurationPlatforms) = preSolution
		Debug|Any CPU = Debug|Any CPU
		Release|Any CPU = Release|Any CPU
	EndGlobalSection
	GlobalSection(ProjectConfigurationPlatforms) = postSolution
		{96733F6D-6D48-4AA9-9E52-61D1023BBF54}.Debug|Any CPU.ActiveCfg = Debug|Any CPU
		{96733F6D-6D48-4AA9-9E52-61D1023BBF54}.Debug|Any CPU.Build.0 = Debug|Any CPU
		{96733F6D-6D48-4AA9-9E52-61D1023BBF54}.Release|Any CPU.ActiveCfg = Release|Any CPU
		{96733F6D-6D48-4AA9-9E52-61D1023BBF54}.Release|Any CPU.Build.0 = Release|Any CPU
	EndGlobalSection
	GlobalSection(SolutionProperties) = preSolution
		HideSolutionNode = FALSE
	EndGlobalSection
	GlobalSection(ExtensibilityGlobals) = postSolution
		SolutionGuid = {BCE2DD19-DC2E-4442-85FA-836CDF0FE7CF}
	EndGlobalSection
EndGlobal
